{
  "name": "@wisent-ai/las",
  "version": "0.1.0",
  "lockfileVersion": 3,
  "requires": true,
  "packages": {
    "": {
      "name": "@wisent-ai/las",
      "version": "0.1.0",
      "license": "SEE LICENSE IN LICENSE",
      "bin": {
        "las": "src/cli.mjs",
        "las-mcp": "src/mcp.mjs"
      },
      "engines": {
        "node": ">=18"
      }
    }
  }
}
