{
  "originHash" : "627b6e81ae6b745b78a7af3e39c6fa044ab9eb25a497409329912305493b29b6",
  "pins" : [
    {
      "identity" : "wisent-components",
      "kind" : "remoteSourceControl",
      "location" : "https://github.com/wisent-ai/wisent-components.git",
      "state" : {
        "revision" : "8229836fe8c91b421d916e2007f43b5d1844b757",
        "version" : "0.8.1"
      }
    }
  ],
  "version" : 3
}
